
Microsoft Visual Studio Solution File, Format Version 12.00
# Visual Studio 15
VisualStudioVersion = 15.0.27703.2035
MinimumVisualStudioVersion = 10.0.40219.1
Project("{FAE04EC0-301F-11D3-BF4B-00C04F79EFBC}") = "Main", "Main\Main.csproj", "{843D22AD-04E9-430E-8974-A2D916E52457}"
EndProject
Project("{FAE04EC0-301F-11D3-BF4B-00C04F79EFBC}") = "InternalArbitrage", "InternalArbitrage\InternalArbitrage.csproj", "{641A4DE5-1E4C-47D5-A8A8-EFB6F6555717}"
EndProject
Global
	GlobalSection(SolutionConfigurationPlatforms) = preSolution
		Debug|Any CPU = Debug|Any CPU
		Release|Any CPU = Release|Any CPU
	EndGlobalSection
	GlobalSection(ProjectConfigurationPlatforms) = postSolution
		{843D22AD-04E9-430E-8974-A2D916E52457}.Debug|Any CPU.ActiveCfg = Debug|Any CPU
		{843D22AD-04E9-430E-8974-A2D916E52457}.Debug|Any CPU.Build.0 = Debug|Any CPU
		{843D22AD-04E9-430E-8974-A2D916E52457}.Release|Any CPU.ActiveCfg = Release|Any CPU
		{843D22AD-04E9-430E-8974-A2D916E52457}.Release|Any CPU.Build.0 = Release|Any CPU
		{641A4DE5-1E4C-47D5-A8A8-EFB6F6555717}.Debug|Any CPU.ActiveCfg = Debug|Any CPU
		{641A4DE5-1E4C-47D5-A8A8-EFB6F6555717}.Debug|Any CPU.Build.0 = Debug|Any CPU
		{641A4DE5-1E4C-47D5-A8A8-EFB6F6555717}.Release|Any CPU.ActiveCfg = Release|Any CPU
		{641A4DE5-1E4C-47D5-A8A8-EFB6F6555717}.Release|Any CPU.Build.0 = Release|Any CPU
	EndGlobalSection
	GlobalSection(SolutionProperties) = preSolution
		HideSolutionNode = FALSE
	EndGlobalSection
	GlobalSection(ExtensibilityGlobals) = postSolution
		SolutionGuid = {73CD0E4F-7965-403D-A1D5-E3A71C608EDC}
	EndGlobalSection
EndGlobal
